
Microsoft Visual Studio Solution File, Format Version 12.00
# Visual Studio Version 16
VisualStudioVersion = 16.0.29001.49
MinimumVisualStudioVersion = 10.0.40219.1
Project("{8BC9CEB8-8B4A-11D0-8D11-00A0C91BC942}") = "HelloWorld", "HelloWorld\HelloWorld.vcxproj", "{D58521BB-6093-4BB9-BAFB-6CD528B68AC2}"
EndProject
Global
	GlobalSection(SolutionConfigurationPlatforms) = preSolution
		Debug|x64 = Debug|x64
		Debug|x86 = Debug|x86
		Release|x64 = Release|x64
		Release|x86 = Release|x86
	EndGlobalSection
	GlobalSection(ProjectConfigurationPlatforms) = postSolution
		{D58521BB-6093-4BB9-BAFB-6CD528B68AC2}.Debug|x64.ActiveCfg = Debug|x64
		{D58521BB-6093-4BB9-BAFB-6CD528B68AC2}.Debug|x64.Build.0 = Debug|x64
		{D58521BB-6093-4BB9-BAFB-6CD528B68AC2}.Debug|x86.ActiveCfg = Debug|Win32
		{D58521BB-6093-4BB9-BAFB-6CD528B68AC2}.Debug|x86.Build.0 = Debug|Win32
		{D58521BB-6093-4BB9-BAFB-6CD528B68AC2}.Release|x64.ActiveCfg = Release|x64
		{D58521BB-6093-4BB9-BAFB-6CD528B68AC2}.Release|x64.Build.0 = Release|x64
		{D58521BB-6093-4BB9-BAFB-6CD528B68AC2}.Release|x86.ActiveCfg = Release|Win32
		{D58521BB-6093-4BB9-BAFB-6CD528B68AC2}.Release|x86.Build.0 = Release|Win32
	EndGlobalSection
	GlobalSection(SolutionProperties) = preSolution
		HideSolutionNode = FALSE
	EndGlobalSection
	GlobalSection(ExtensibilityGlobals) = postSolution
		SolutionGuid = {25F4D326-95E4-4AAE-8B26-F85A413335AA}
	EndGlobalSection
EndGlobal
